// !$*UTF8*$!
{
	archiveVersion = 1;
	classes = {
	};
	objectVersion = 46;
	objects = {

/* Begin PBXBuildFile section */
		00B8BF5901C2D220357B0B2A /* Media.xcassets in Resources */ = {isa = PBXBuildFile; fileRef = 41DDB768A1D033A34F0EF9E0 /* Media.xcassets */; };
		064989461F5C99C7006E8BB3 /* Snapshot.swift in Sources */ = {isa = PBXBuildFile; fileRef = 064989451F5C99C7006E8BB3 /* Snapshot.swift */; };
		135F11CE20425AF600D655A3 /* PieChartTests.swift in Sources */ = {isa = PBXBuildFile; fileRef = 135F11CD20425AF600D655A3 /* PieChartTests.swift */; };
		1B42548421B9834100A7DECA /* ValueFormatter.swift in Sources */ = {isa = PBXBuildFile; fileRef = 4EAA8AA30C377D54D22A577A /* ValueFormatter.swift */; };
		1B42548521B9834900A7DECA /* ChartDataEntry.swift in Sources */ = {isa = PBXBuildFile; fileRef = 12409C3EA15787C11AF0D2BC /* ChartDataEntry.swift */; };
		1B42548721B9836300A7DECA /* DefaultValueFormatter.swift in Sources */ = {isa = PBXBuildFile; fileRef = 107D8F8163EE54D6D9E916B0 /* DefaultValueFormatter.swift */; };
		1B42548921B9837E00A7DECA /* PieChartView.swift in Sources */ = {isa = PBXBuildFile; fileRef = 4A6C9631C69B2D772BBD9232 /* PieChartView.swift */; };
		1B42548A21B9838B00A7DECA /* ChartViewBase.swift in Sources */ = {isa = PBXBuildFile; fileRef = 30EFAD7920F76360ADB3B5F5 /* ChartViewBase.swift */; };
		1B42548B21B983C900A7DECA /* Highlight.swift in Sources */ = {isa = PBXBuildFile; fileRef = 3D64616883374310C505EC39 /* Highlight.swift */; };
		1B42549021B9840000A7DECA /* ComponentBase.swift in Sources */ = {isa = PBXBuildFile; fileRef = C8C9A105A7DB64F39DDA648B /* ComponentBase.swift */; };
		1B42549321B9843C00A7DECA /* ChartData.swift in Sources */ = {isa = PBXBuildFile; fileRef = E120E76C6F1B5877D56126DD /* ChartData.swift */; };
		1B42549521B9845000A7DECA /* Legend.swift in Sources */ = {isa = PBXBuildFile; fileRef = E64A75540C627E09080B402A /* Legend.swift */; };
		1B42549621B9845A00A7DECA /* LegendEntry.swift in Sources */ = {isa = PBXBuildFile; fileRef = 9E7C673B9ED4340F550A9283 /* LegendEntry.swift */; };
		1B42549721B9846800A7DECA /* LegendRenderer.swift in Sources */ = {isa = PBXBuildFile; fileRef = F715DB2C56C9E0615542625B /* LegendRenderer.swift */; };
		1B4254A121B9858F00A7DECA /* Description.swift in Sources */ = {isa = PBXBuildFile; fileRef = B137428B41C143D5115726C4 /* Description.swift */; };
		1B4254A821B9867B00A7DECA /* PieChartRenderer.swift in Sources */ = {isa = PBXBuildFile; fileRef = 46D8013D44629521B1746364 /* PieChartRenderer.swift */; };
		1B4254AA21B986CC00A7DECA /* ChartColorTemplates.swift in Sources */ = {isa = PBXBuildFile; fileRef = F6227A646166E248F90F86AD /* ChartColorTemplates.swift */; };
		1B4EF7D021B801ED00F0FB7C /* DisplayLink.swift in Sources */ = {isa = PBXBuildFile; fileRef = 1B4EF7CF21B801ED00F0FB7C /* DisplayLink.swift */; };
		1BC67A1421B9639A00345CAC /* Colors.xcassets in Resources */ = {isa = PBXBuildFile; fileRef = 1BC67A1321B9639A00345CAC /* Colors.xcassets */; };
		224EFF991FBAAC4700CF9B3B /* EquatableTests.swift in Sources */ = {isa = PBXBuildFile; fileRef = 224EFF981FBAAC4700CF9B3B /* EquatableTests.swift */; };
		2BF85BEA981B359A65E9BF67 /* LineChartTests.swift in Sources */ = {isa = PBXBuildFile; fileRef = D2E1819D72CD7B6C4A4E8048 /* LineChartTests.swift */; };
		3B11556EB7DC034E2FC958E4 /* BarChartTests.swift in Sources */ = {isa = PBXBuildFile; fileRef = 5C3F5E1A69EC06E86505F7B1 /* BarChartTests.swift */; };
		515E286E6C47594D3FFA3DD1 /* ViewPortHandler.swift in Sources */ = {isa = PBXBuildFile; fileRef = 72EAEBB7CF73E33565FC2896 /* ViewPortHandler.swift */; };
		8E1192F7A7152E9DA92C56A9 /* ChartUtilsTests.swift in Sources */ = {isa = PBXBuildFile; fileRef = 7AB9062A28AAB9469752A954 /* ChartUtilsTests.swift */; };
		97AD2D4620AF917100F9C24A /* Platform+Accessibility.swift in Sources */ = {isa = PBXBuildFile; fileRef = 97AD2D4520AF917100F9C24A /* Platform+Accessibility.swift */; };
		B6BF9A561F91993A00E62A5D /* CombinedChartTests.swift in Sources */ = {isa = PBXBuildFile; fileRef = B6BF9A551F91993A00E62A5D /* CombinedChartTests.swift */; };
		BEFD9518F3A74ACF8FA33308 /* Charts.h in Headers */ = {isa = PBXBuildFile; fileRef = 4F9922F0641F7955DC6CD324 /* Charts.h */; settings = {ATTRIBUTES = (Public, ); }; };
		C7B150D740255670DEB9F455 /* Charts.framework in Frameworks */ = {isa = PBXBuildFile; fileRef = 65AD9E95D9ED4DC0BD73A743 /* Charts.framework */; };
		CB785FE9B6B312408D17BC3B /* ChartUtils.swift in Sources */ = {isa = PBXBuildFile; fileRef = 3FDA09EF973925A110506799 /* ChartUtils.swift */; };
		D819331DA581C7E0AC5F8CEF /* Animator.swift in Sources */ = {isa = PBXBuildFile; fileRef = 3976E5F9D60E30CD94CE6156 /* Animator.swift */; };
		E9FF0ECB5E0CA92DBF4C1BC4 /* Platform.swift in Sources */ = {isa = PBXBuildFile; fileRef = 3ED23C354AFE81818D78E645 /* Platform.swift */; };
		F5A209116FAC68F5903D0B46 /* ChartAnimationEasing.swift in Sources */ = {isa = PBXBuildFile; fileRef = DFB762958EE8E6521563665D /* ChartAnimationEasing.swift */; };
/* End PBXBuildFile section */

/* Begin PBXContainerItemProxy section */
		C2005F425A98942473657ED2 /* PBXContainerItemProxy */ = {
			isa = PBXContainerItemProxy;
			containerPortal = 193FC8DF32D250560C5F5D77 /* Project object */;
			proxyType = 1;
			remoteGlobalIDString = A58A4ED274A941CA248EA921;
			remoteInfo = Charts;
		};
/* End PBXContainerItemProxy section */

/* Begin PBXFileReference section */
		064989451F5C99C7006E8BB3 /* Snapshot.swift */ = {isa = PBXFileReference; lastKnownFileType = sourcecode.swift; name = Snapshot.swift; path = Tests/Charts/Snapshot.swift; sourceTree = "<group>"; };
		107D8F8163EE54D6D9E916B0 /* DefaultValueFormatter.swift */ = {isa = PBXFileReference; includeInIndex = 1; lastKnownFileType = sourcecode.swift; name = DefaultValueFormatter.swift; path = Source/Charts/Formatters/DefaultValueFormatter.swift; sourceTree = "<group>"; };
		12409C3EA15787C11AF0D2BC /* ChartDataEntry.swift */ = {isa = PBXFileReference; includeInIndex = 1; lastKnownFileType = sourcecode.swift; name = ChartDataEntry.swift; path = Source/Charts/Data/Implementations/Standard/ChartDataEntry.swift; sourceTree = "<group>"; };
		135F11CD20425AF600D655A3 /* PieChartTests.swift */ = {isa = PBXFileReference; lastKnownFileType = sourcecode.swift; name = PieChartTests.swift; path = Tests/Charts/PieChartTests.swift; sourceTree = "<group>"; };
		1B4EF7CF21B801ED00F0FB7C /* DisplayLink.swift */ = {isa = PBXFileReference; lastKnownFileType = sourcecode.swift; path = DisplayLink.swift; sourceTree = "<group>"; };
		1B5B2FFF21BA9E7200FFBE5D /* extension.xcconfig */ = {isa = PBXFileReference; lastKnownFileType = text.xcconfig; path = extension.xcconfig; sourceTree = "<group>"; };
		1B5B300021BA9E7200FFBE5D /* application.xcconfig */ = {isa = PBXFileReference; lastKnownFileType = text.xcconfig; path = application.xcconfig; sourceTree = "<group>"; };
		1B5B300121BA9E7200FFBE5D /* executable.xcconfig */ = {isa = PBXFileReference; lastKnownFileType = text.xcconfig; path = executable.xcconfig; sourceTree = "<group>"; };
		1B5B300221BA9E7200FFBE5D /* framework.xcconfig */ = {isa = PBXFileReference; lastKnownFileType = text.xcconfig; path = framework.xcconfig; sourceTree = "<group>"; };
		1B5B300321BA9E7200FFBE5D /* bundle.xcconfig */ = {isa = PBXFileReference; lastKnownFileType = text.xcconfig; path = bundle.xcconfig; sourceTree = "<group>"; };
		1B5B300421BA9E7200FFBE5D /* archive.xcconfig */ = {isa = PBXFileReference; lastKnownFileType = text.xcconfig; path = archive.xcconfig; sourceTree = "<group>"; };
		1B5B300521BA9E7200FFBE5D /* debug.xcconfig */ = {isa = PBXFileReference; lastKnownFileType = text.xcconfig; path = debug.xcconfig; sourceTree = "<group>"; };
		1B5B300621BA9E7200FFBE5D /* release.xcconfig */ = {isa = PBXFileReference; lastKnownFileType = text.xcconfig; path = release.xcconfig; sourceTree = "<group>"; };
		1B5B300721BA9E7200FFBE5D /* team.xcconfig */ = {isa = PBXFileReference; lastKnownFileType = text.xcconfig; path = team.xcconfig; sourceTree = "<group>"; };
		1B5B300821BA9E7200FFBE5D /* project.xcconfig */ = {isa = PBXFileReference; lastKnownFileType = text.xcconfig; path = project.xcconfig; sourceTree = "<group>"; };
		1BC67A1321B9639A00345CAC /* Colors.xcassets */ = {isa = PBXFileReference; lastKnownFileType = folder.assetcatalog; path = Colors.xcassets; sourceTree = "<group>"; };
		1CBBC58C6CE1EBEE9852CE41 /* ChartsTests.xctest */ = {isa = PBXFileReference; explicitFileType = wrapper.cfbundle; includeInIndex = 0; path = ChartsTests.xctest; sourceTree = BUILT_PRODUCTS_DIR; };
		224EFF981FBAAC4700CF9B3B /* EquatableTests.swift */ = {isa = PBXFileReference; lastKnownFileType = sourcecode.swift; name = EquatableTests.swift; path = Tests/Charts/EquatableTests.swift; sourceTree = "<group>"; };
		30EFAD7920F76360ADB3B5F5 /* ChartViewBase.swift */ = {isa = PBXFileReference; includeInIndex = 1; lastKnownFileType = sourcecode.swift; name = ChartViewBase.swift; path = Source/Charts/Charts/ChartViewBase.swift; sourceTree = "<group>"; };
		3976E5F9D60E30CD94CE6156 /* Animator.swift */ = {isa = PBXFileReference; includeInIndex = 1; lastKnownFileType = sourcecode.swift; name = Animator.swift; path = Source/Charts/Animation/Animator.swift; sourceTree = "<group>"; };
		3D64616883374310C505EC39 /* Highlight.swift */ = {isa = PBXFileReference; includeInIndex = 1; lastKnownFileType = sourcecode.swift; name = Highlight.swift; path = Source/Charts/Highlight/Highlight.swift; sourceTree = "<group>"; };
		3ED23C354AFE81818D78E645 /* Platform.swift */ = {isa = PBXFileReference; includeInIndex = 1; lastKnownFileType = sourcecode.swift; name = Platform.swift; path = Source/Charts/Utils/Platform.swift; sourceTree = "<group>"; };
		3FDA09EF973925A110506799 /* ChartUtils.swift */ = {isa = PBXFileReference; includeInIndex = 1; lastKnownFileType = sourcecode.swift; name = ChartUtils.swift; path = Source/Charts/Utils/ChartUtils.swift; sourceTree = "<group>"; };
		41DDB768A1D033A34F0EF9E0 /* Media.xcassets */ = {isa = PBXFileReference; includeInIndex = 1; lastKnownFileType = folder.assetcatalog; name = Media.xcassets; path = "Tests/Supporting Files/Media.xcassets"; sourceTree = "<group>"; };
		46D8013D44629521B1746364 /* PieChartRenderer.swift */ = {isa = PBXFileReference; includeInIndex = 1; lastKnownFileType = sourcecode.swift; name = PieChartRenderer.swift; path = Source/Charts/Renderers/PieChartRenderer.swift; sourceTree = "<group>"; };
		4A6C9631C69B2D772BBD9232 /* PieChartView.swift */ = {isa = PBXFileReference; includeInIndex = 1; lastKnownFileType = sourcecode.swift; name = PieChartView.swift; path = Source/Charts/Charts/PieChartView.swift; sourceTree = "<group>"; };
		4EAA8AA30C377D54D22A577A /* ValueFormatter.swift */ = {isa = PBXFileReference; includeInIndex = 1; lastKnownFileType = sourcecode.swift; name = ValueFormatter.swift; path = Source/Charts/Formatters/ValueFormatter.swift; sourceTree = "<group>"; };
		4F9922F0641F7955DC6CD324 /* Charts.h */ = {isa = PBXFileReference; includeInIndex = 1; lastKnownFileType = sourcecode.c.h; name = Charts.h; path = "Source/Supporting Files/Charts.h"; sourceTree = "<group>"; };
		5C3F5E1A69EC06E86505F7B1 /* BarChartTests.swift */ = {isa = PBXFileReference; includeInIndex = 1; lastKnownFileType = sourcecode.swift; name = BarChartTests.swift; path = Tests/Charts/BarChartTests.swift; sourceTree = "<group>"; };
		65AD9E95D9ED4DC0BD73A743 /* Charts.framework */ = {isa = PBXFileReference; explicitFileType = wrapper.framework; includeInIndex = 0; path = Charts.framework; sourceTree = BUILT_PRODUCTS_DIR; };
		72EAEBB7CF73E33565FC2896 /* ViewPortHandler.swift */ = {isa = PBXFileReference; includeInIndex = 1; lastKnownFileType = sourcecode.swift; name = ViewPortHandler.swift; path = Source/Charts/Utils/ViewPortHandler.swift; sourceTree = "<group>"; };
		7AB9062A28AAB9469752A954 /* ChartUtilsTests.swift */ = {isa = PBXFileReference; includeInIndex = 1; lastKnownFileType = sourcecode.swift; name = ChartUtilsTests.swift; path = Tests/Charts/ChartUtilsTests.swift; sourceTree = "<group>"; };
		910DBFE1DA1B2CA237A736DF /* Info.plist */ = {isa = PBXFileReference; includeInIndex = 1; lastKnownFileType = text.plist.xml; name = Info.plist; path = "Source/Supporting Files/Info.plist"; sourceTree = "<group>"; };
		97AD2D4520AF917100F9C24A /* Platform+Accessibility.swift */ = {isa = PBXFileReference; fileEncoding = 4; lastKnownFileType = sourcecode.swift; name = "Platform+Accessibility.swift"; path = "Source/Charts/Utils/Platform+Accessibility.swift"; sourceTree = "<group>"; };
		9E7C673B9ED4340F550A9283 /* LegendEntry.swift */ = {isa = PBXFileReference; includeInIndex = 1; lastKnownFileType = sourcecode.swift; name = LegendEntry.swift; path = Source/Charts/Components/LegendEntry.swift; sourceTree = "<group>"; };
		B137428B41C143D5115726C4 /* Description.swift */ = {isa = PBXFileReference; includeInIndex = 1; lastKnownFileType = sourcecode.swift; name = Description.swift; path = Source/Charts/Components/Description.swift; sourceTree = "<group>"; };
		B6BF9A551F91993A00E62A5D /* CombinedChartTests.swift */ = {isa = PBXFileReference; lastKnownFileType = sourcecode.swift; name = CombinedChartTests.swift; path = Tests/Charts/CombinedChartTests.swift; sourceTree = "<group>"; };
		C574E1BC7E12D937A5471EF8 /* Info.plist */ = {isa = PBXFileReference; includeInIndex = 1; lastKnownFileType = text.plist.xml; name = Info.plist; path = "Tests/Supporting Files/Info.plist"; sourceTree = "<group>"; };
		C8C9A105A7DB64F39DDA648B /* ComponentBase.swift */ = {isa = PBXFileReference; includeInIndex = 1; lastKnownFileType = sourcecode.swift; name = ComponentBase.swift; path = Source/Charts/Components/ComponentBase.swift; sourceTree = "<group>"; };
		D2E1819D72CD7B6C4A4E8048 /* LineChartTests.swift */ = {isa = PBXFileReference; includeInIndex = 1; lastKnownFileType = sourcecode.swift; name = LineChartTests.swift; path = Tests/Charts/LineChartTests.swift; sourceTree = "<group>"; };
		DFB762958EE8E6521563665D /* ChartAnimationEasing.swift */ = {isa = PBXFileReference; includeInIndex = 1; lastKnownFileType = sourcecode.swift; name = ChartAnimationEasing.swift; path = Source/Charts/Animation/ChartAnimationEasing.swift; sourceTree = "<group>"; };
		E120E76C6F1B5877D56126DD /* ChartData.swift */ = {isa = PBXFileReference; includeInIndex = 1; lastKnownFileType = sourcecode.swift; name = ChartData.swift; path = Source/Charts/Data/Implementations/Standard/ChartData.swift; sourceTree = "<group>"; };
		E64A75540C627E09080B402A /* Legend.swift */ = {isa = PBXFileReference; includeInIndex = 1; lastKnownFileType = sourcecode.swift; name = Legend.swift; path = Source/Charts/Components/Legend.swift; sourceTree = "<group>"; };
		F6227A646166E248F90F86AD /* ChartColorTemplates.swift */ = {isa = PBXFileReference; includeInIndex = 1; lastKnownFileType = sourcecode.swift; name = ChartColorTemplates.swift; path = Source/Charts/Utils/ChartColorTemplates.swift; sourceTree = "<group>"; };
		F715DB2C56C9E0615542625B /* LegendRenderer.swift */ = {isa = PBXFileReference; includeInIndex = 1; lastKnownFileType = sourcecode.swift; name = LegendRenderer.swift; path = Source/Charts/Renderers/LegendRenderer.swift; sourceTree = "<group>"; };
/* End PBXFileReference section */

/* Begin PBXFrameworksBuildPhase section */
		77997192275C47C45A0A2E9A /* Frameworks */ = {
			isa = PBXFrameworksBuildPhase;
			buildActionMask = 2147483647;
			files = (
				C7B150D740255670DEB9F455 /* Charts.framework in Frameworks */,
			);
			runOnlyForDeploymentPostprocessing = 0;
		};
		C16A09321DC2DCF289FF0E3B /* Frameworks */ = {
			isa = PBXFrameworksBuildPhase;
			buildActionMask = 2147483647;
			files = (
			);
			runOnlyForDeploymentPostprocessing = 0;
		};
/* End PBXFrameworksBuildPhase section */

/* Begin PBXGroup section */
		033FD152BB2F906750106A85 /* Frameworks */ = {
			isa = PBXGroup;
			children = (
			);
			name = Frameworks;
			sourceTree = "<group>";
		};
		098621EDFBF928494B94BEA1 /* Data */ = {
			isa = PBXGroup;
			children = (
				E120E76C6F1B5877D56126DD /* ChartData.swift */,
				12409C3EA15787C11AF0D2BC /* ChartDataEntry.swift */,
			);
			name = Data;
			sourceTree = "<group>";
		};
		1B5B2FFD21BA9E7200FFBE5D /* xcconfigs */ = {
			isa = PBXGroup;
			children = (
				1B5B2FFE21BA9E7200FFBE5D /* target */,
				1B5B300521BA9E7200FFBE5D /* debug.xcconfig */,
				1B5B300621BA9E7200FFBE5D /* release.xcconfig */,
				1B5B300721BA9E7200FFBE5D /* team.xcconfig */,
				1B5B300821BA9E7200FFBE5D /* project.xcconfig */,
			);
			name = xcconfigs;
			path = ../xcconfigs;
			sourceTree = "<group>";
		};
		1B5B2FFE21BA9E7200FFBE5D /* target */ = {
			isa = PBXGroup;
			children = (
				1B5B2FFF21BA9E7200FFBE5D /* extension.xcconfig */,
				1B5B300021BA9E7200FFBE5D /* application.xcconfig */,
				1B5B300121BA9E7200FFBE5D /* executable.xcconfig */,
				1B5B300221BA9E7200FFBE5D /* framework.xcconfig */,
				1B5B300321BA9E7200FFBE5D /* bundle.xcconfig */,
				1B5B300421BA9E7200FFBE5D /* archive.xcconfig */,
			);
			path = target;
			sourceTree = "<group>";
		};
		20C350D33133A4D89BB365B1 /* Source */ = {
			isa = PBXGroup;
			children = (
				E9F158C8C566B26AFD775911 /* Supporting Files */,
				2647844720BC6574A544A337 /* Charts */,
			);
			name = Source;
			sourceTree = "<group>";
		};
		2647844720BC6574A544A337 /* Charts */ = {
			isa = PBXGroup;
			children = (
				A49C1F0F9CCD6E5C143C29F4 /* Animation */,
				8C531E3F3C3DE5843C93C3DA /* Charts */,
				51EF1986C9884C25EED1C2CB /* Components */,
				098621EDFBF928494B94BEA1 /* Data */,
				74A391010038924F637D6752 /* Formatters */,
				E7589D3E7C2BD2449960AD59 /* Renderers */,
				D047819AB7170595896D6FE8 /* Utils */,
				1BC67A1321B9639A00345CAC /* Colors.xcassets */,
			);
			name = Charts;
			sourceTree = "<group>";
		};
		51EF1986C9884C25EED1C2CB /* Components */ = {
			isa = PBXGroup;
			children = (
				C8C9A105A7DB64F39DDA648B /* ComponentBase.swift */,
				B137428B41C143D5115726C4 /* Description.swift */,
				E64A75540C627E09080B402A /* Legend.swift */,
				9E7C673B9ED4340F550A9283 /* LegendEntry.swift */,
			);
			name = Components;
			sourceTree = "<group>";
		};
		74A391010038924F637D6752 /* Formatters */ = {
			isa = PBXGroup;
			children = (
				4EAA8AA30C377D54D22A577A /* ValueFormatter.swift */,
				107D8F8163EE54D6D9E916B0 /* DefaultValueFormatter.swift */,
			);
			name = Formatters;
			sourceTree = "<group>";
		};
		865A1CF149F52850CAB7F177 = {
			isa = PBXGroup;
			children = (
				033FD152BB2F906750106A85 /* Frameworks */,
				20C350D33133A4D89BB365B1 /* Source */,
				D2C26AC015E753014C7571E4 /* Tests */,
				AB2D554102718F209377399E /* Products */,
				1B5B2FFD21BA9E7200FFBE5D /* xcconfigs */,
			);
			sourceTree = "<group>";
		};
		8C531E3F3C3DE5843C93C3DA /* Charts */ = {
			isa = PBXGroup;
			children = (
				30EFAD7920F76360ADB3B5F5 /* ChartViewBase.swift */,
				4A6C9631C69B2D772BBD9232 /* PieChartView.swift */,
				3D64616883374310C505EC39 /* Highlight.swift */,
			);
			name = Charts;
			sourceTree = "<group>";
		};
		9613A7C800C7F065A823D587 /* Charts */ = {
			isa = PBXGroup;
			children = (
				5C3F5E1A69EC06E86505F7B1 /* BarChartTests.swift */,
				224EFF981FBAAC4700CF9B3B /* EquatableTests.swift */,
				7AB9062A28AAB9469752A954 /* ChartUtilsTests.swift */,
				B6BF9A551F91993A00E62A5D /* CombinedChartTests.swift */,
				D2E1819D72CD7B6C4A4E8048 /* LineChartTests.swift */,
				135F11CD20425AF600D655A3 /* PieChartTests.swift */,
				064989451F5C99C7006E8BB3 /* Snapshot.swift */,
			);
			name = Charts;
			sourceTree = "<group>";
		};
		A49C1F0F9CCD6E5C143C29F4 /* Animation */ = {
			isa = PBXGroup;
			children = (
				3976E5F9D60E30CD94CE6156 /* Animator.swift */,
				DFB762958EE8E6521563665D /* ChartAnimationEasing.swift */,
			);
			name = Animation;
			sourceTree = "<group>";
		};
		AB2D554102718F209377399E /* Products */ = {
			isa = PBXGroup;
			children = (
				65AD9E95D9ED4DC0BD73A743 /* Charts.framework */,
				1CBBC58C6CE1EBEE9852CE41 /* ChartsTests.xctest */,
			);
			name = Products;
			sourceTree = "<group>";
		};
		BF662941E21BC049994B2598 /* Supporting Files */ = {
			isa = PBXGroup;
			children = (
				C574E1BC7E12D937A5471EF8 /* Info.plist */,
				41DDB768A1D033A34F0EF9E0 /* Media.xcassets */,
			);
			name = "Supporting Files";
			sourceTree = "<group>";
		};
		D047819AB7170595896D6FE8 /* Utils */ = {
			isa = PBXGroup;
			children = (
				F6227A646166E248F90F86AD /* ChartColorTemplates.swift */,
				3FDA09EF973925A110506799 /* ChartUtils.swift */,
				3ED23C354AFE81818D78E645 /* Platform.swift */,
				97AD2D4520AF917100F9C24A /* Platform+Accessibility.swift */,
				72EAEBB7CF73E33565FC2896 /* ViewPortHandler.swift */,
				1B4EF7CF21B801ED00F0FB7C /* DisplayLink.swift */,
			);
			name = Utils;
			sourceTree = "<group>";
		};
		D2C26AC015E753014C7571E4 /* Tests */ = {
			isa = PBXGroup;
			children = (
				BF662941E21BC049994B2598 /* Supporting Files */,
				9613A7C800C7F065A823D587 /* Charts */,
			);
			name = Tests;
			sourceTree = "<group>";
		};
		E7589D3E7C2BD2449960AD59 /* Renderers */ = {
			isa = PBXGroup;
			children = (
				F715DB2C56C9E0615542625B /* LegendRenderer.swift */,
				46D8013D44629521B1746364 /* PieChartRenderer.swift */,
			);
			name = Renderers;
			sourceTree = "<group>";
		};
		E9F158C8C566B26AFD775911 /* Supporting Files */ = {
			isa = PBXGroup;
			children = (
				910DBFE1DA1B2CA237A736DF /* Info.plist */,
				4F9922F0641F7955DC6CD324 /* Charts.h */,
			);
			name = "Supporting Files";
			sourceTree = "<group>";
		};
/* End PBXGroup section */

/* Begin PBXHeadersBuildPhase section */
		B2B2DD73E237562739EE1F83 /* Headers */ = {
			isa = PBXHeadersBuildPhase;
			buildActionMask = 2147483647;
			files = (
				BEFD9518F3A74ACF8FA33308 /* Charts.h in Headers */,
			);
			runOnlyForDeploymentPostprocessing = 0;
		};
/* End PBXHeadersBuildPhase section */

/* Begin PBXNativeTarget section */
		A58A4ED274A941CA248EA921 /* Charts */ = {
			isa = PBXNativeTarget;
			buildConfigurationList = F1D4AA9E26EA32041FC0E3B6 /* Build configuration list for PBXNativeTarget "Charts" */;
			buildPhases = (
				B2B2DD73E237562739EE1F83 /* Headers */,
				B5996DB2D9B6F0DB0E9D3F3E /* Sources */,
				E257C254E738A8AE047C6FB6 /* Resources */,
				C16A09321DC2DCF289FF0E3B /* Frameworks */,
			);
			buildRules = (
			);
			dependencies = (
			);
			name = Charts;
			productName = Charts;
			productReference = 65AD9E95D9ED4DC0BD73A743 /* Charts.framework */;
			productType = "com.apple.product-type.framework";
		};
		F2749BD5443C1CB5FE2080C2 /* ChartsTests */ = {
			isa = PBXNativeTarget;
			buildConfigurationList = E61E9728E2BF9CC4048B13D5 /* Build configuration list for PBXNativeTarget "ChartsTests" */;
			buildPhases = (
				E356A2384A2368AB3D2C7912 /* Sources */,
				5B102E31AA8399941CC6248D /* Resources */,
				77997192275C47C45A0A2E9A /* Frameworks */,
			);
			buildRules = (
			);
			dependencies = (
				8676F8A013D87F9961E92465 /* PBXTargetDependency */,
			);
			name = ChartsTests;
			productName = ChartsTests;
			productReference = 1CBBC58C6CE1EBEE9852CE41 /* ChartsTests.xctest */;
			productType = "com.apple.product-type.bundle.unit-test";
		};
/* End PBXNativeTarget section */

/* Begin PBXProject section */
		193FC8DF32D250560C5F5D77 /* Project object */ = {
			isa = PBXProject;
			attributes = {
				LastSwiftUpdateCheck = 0830;
				LastUpgradeCheck = 0930;
				TargetAttributes = {
					A58A4ED274A941CA248EA921 = {
						DevelopmentTeam = JD766B4G97;
						LastSwiftMigration = 0900;
						ProvisioningStyle = Manual;
					};
					F2749BD5443C1CB5FE2080C2 = {
						DevelopmentTeam = JD766B4G97;
						LastSwiftMigration = 0900;
						ProvisioningStyle = Automatic;
					};
				};
			};
			buildConfigurationList = 493FF4FB1D40FC7C51DDDA6B /* Build configuration list for PBXProject "Charts" */;
			compatibilityVersion = "Xcode 3.2";
			developmentRegion = English;
			hasScannedForEncodings = 0;
			knownRegions = (
				en,
			);
			mainGroup = 865A1CF149F52850CAB7F177;
			productRefGroup = AB2D554102718F209377399E /* Products */;
			projectDirPath = "";
			projectRoot = "";
			targets = (
				A58A4ED274A941CA248EA921 /* Charts */,
				F2749BD5443C1CB5FE2080C2 /* ChartsTests */,
			);
		};
/* End PBXProject section */

/* Begin PBXResourcesBuildPhase section */
		5B102E31AA8399941CC6248D /* Resources */ = {
			isa = PBXResourcesBuildPhase;
			buildActionMask = 2147483647;
			files = (
				00B8BF5901C2D220357B0B2A /* Media.xcassets in Resources */,
			);
			runOnlyForDeploymentPostprocessing = 0;
		};
		E257C254E738A8AE047C6FB6 /* Resources */ = {
			isa = PBXResourcesBuildPhase;
			buildActionMask = 2147483647;
			files = (
				1BC67A1421B9639A00345CAC /* Colors.xcassets in Resources */,
			);
			runOnlyForDeploymentPostprocessing = 0;
		};
/* End PBXResourcesBuildPhase section */

/* Begin PBXSourcesBuildPhase section */
		B5996DB2D9B6F0DB0E9D3F3E /* Sources */ = {
			isa = PBXSourcesBuildPhase;
			buildActionMask = 2147483647;
			files = (
				1B42548521B9834900A7DECA /* ChartDataEntry.swift in Sources */,
				1B42549621B9845A00A7DECA /* LegendEntry.swift in Sources */,
				1B42549721B9846800A7DECA /* LegendRenderer.swift in Sources */,
				D819331DA581C7E0AC5F8CEF /* Animator.swift in Sources */,
				F5A209116FAC68F5903D0B46 /* ChartAnimationEasing.swift in Sources */,
				1B42548421B9834100A7DECA /* ValueFormatter.swift in Sources */,
				1B42548B21B983C900A7DECA /* Highlight.swift in Sources */,
				1B4EF7D021B801ED00F0FB7C /* DisplayLink.swift in Sources */,
				1B42549021B9840000A7DECA /* ComponentBase.swift in Sources */,
				1B4254AA21B986CC00A7DECA /* ChartColorTemplates.swift in Sources */,
				1B42549521B9845000A7DECA /* Legend.swift in Sources */,
				97AD2D4620AF917100F9C24A /* Platform+Accessibility.swift in Sources */,
				1B42549321B9843C00A7DECA /* ChartData.swift in Sources */,
				1B42548921B9837E00A7DECA /* PieChartView.swift in Sources */,
				1B42548A21B9838B00A7DECA /* ChartViewBase.swift in Sources */,
				CB785FE9B6B312408D17BC3B /* ChartUtils.swift in Sources */,
				1B4254A821B9867B00A7DECA /* PieChartRenderer.swift in Sources */,
				E9FF0ECB5E0CA92DBF4C1BC4 /* Platform.swift in Sources */,
				1B4254A121B9858F00A7DECA /* Description.swift in Sources */,
				1B42548721B9836300A7DECA /* DefaultValueFormatter.swift in Sources */,
				515E286E6C47594D3FFA3DD1 /* ViewPortHandler.swift in Sources */,
			);
			runOnlyForDeploymentPostprocessing = 0;
		};
		E356A2384A2368AB3D2C7912 /* Sources */ = {
			isa = PBXSourcesBuildPhase;
			buildActionMask = 2147483647;
			files = (
				3B11556EB7DC034E2FC958E4 /* BarChartTests.swift in Sources */,
				8E1192F7A7152E9DA92C56A9 /* ChartUtilsTests.swift in Sources */,
				B6BF9A561F91993A00E62A5D /* CombinedChartTests.swift in Sources */,
				2BF85BEA981B359A65E9BF67 /* LineChartTests.swift in Sources */,
				135F11CE20425AF600D655A3 /* PieChartTests.swift in Sources */,
				064989461F5C99C7006E8BB3 /* Snapshot.swift in Sources */,
				224EFF991FBAAC4700CF9B3B /* EquatableTests.swift in Sources */,
			);
			runOnlyForDeploymentPostprocessing = 0;
		};
/* End PBXSourcesBuildPhase section */

/* Begin PBXTargetDependency section */
		8676F8A013D87F9961E92465 /* PBXTargetDependency */ = {
			isa = PBXTargetDependency;
			name = Charts;
			target = A58A4ED274A941CA248EA921 /* Charts */;
			targetProxy = C2005F425A98942473657ED2 /* PBXContainerItemProxy */;
		};
/* End PBXTargetDependency section */

/* Begin XCBuildConfiguration section */
		0EF2164C35AB4D391B503317 /* Debug */ = {
			isa = XCBuildConfiguration;
			baseConfigurationReference = 1B5B300221BA9E7200FFBE5D /* framework.xcconfig */;
			buildSettings = {
				APPLICATION_EXTENSION_API_ONLY = YES;
				DYLIB_COMPATIBILITY_VERSION = 1;
				DYLIB_INSTALL_NAME_BASE = "@rpath";
				INFOPLIST_FILE = "Source/Supporting Files/Info.plist";
				PRODUCT_BUNDLE_IDENTIFIER = com.xenonium.Charts;
				PRODUCT_NAME = "$(TARGET_NAME)";
				SKIP_INSTALL = YES;
				SUPPORTED_PLATFORMS = "macosx iphoneos iphonesimulator appletvos appletvsimulator";
			};
			name = Debug;
		};
		4DD0BFDA94D4BC68192A1895 /* Debug */ = {
			isa = XCBuildConfiguration;
			baseConfigurationReference = 1B5B300321BA9E7200FFBE5D /* bundle.xcconfig */;
			buildSettings = {
				APPLICATION_EXTENSION_API_ONLY = NO;
				DEBUG_INFORMATION_FORMAT = dwarf;
				ENABLE_STRICT_OBJC_MSGSEND = YES;
				"FRAMEWORK_SEARCH_PATHS[sdk=appletv*]" = (
					"$(SRCROOT)/Carthage/Build/tvOS/",
					"$(inherited)",
				);
				"FRAMEWORK_SEARCH_PATHS[sdk=iphone*]" = (
					"$(SRCROOT)/Carthage/Build/iOS/",
					"$(inherited)",
				);
				GCC_NO_COMMON_BLOCKS = YES;
				INFOPLIST_FILE = "Tests/Supporting Files/Info.plist";
				IPHONEOS_DEPLOYMENT_TARGET = 8.0;
				LD_RUNPATH_SEARCH_PATHS = "$(inherited) @executable_path/Frameworks @loader_path/Frameworks";
				"LD_RUNPATH_SEARCH_PATHS[sdk=macosx*]" = "$(inherited) @executable_path/../Frameworks @loader_path/../Frameworks";
				MTL_ENABLE_DEBUG_INFO = YES;
				PRODUCT_BUNDLE_IDENTIFIER = com.dcg.ChartsTests;
				PRODUCT_NAME = "$(TARGET_NAME)";
				SDKROOT = macosx;
				SUPPORTED_PLATFORMS = "iphoneos iphonesimulator appletvos appletvsimulator";
				SWIFT_ACTIVE_COMPILATION_CONDITIONS = DEBUG;
				SWIFT_OPTIMIZATION_LEVEL = "-Onone";
				SWIFT_VERSION = 4.0;
				TVOS_DEPLOYMENT_TARGET = 9.0;
			};
			name = Debug;
		};
		A17F60813C38081A2F1803D4 /* Release */ = {
			isa = XCBuildConfiguration;
			baseConfigurationReference = 1B5B300621BA9E7200FFBE5D /* release.xcconfig */;
			buildSettings = {
			};
			name = Release;
		};
		C5C79E736CA16C93F421E934 /* Debug */ = {
			isa = XCBuildConfiguration;
			baseConfigurationReference = 1B5B300521BA9E7200FFBE5D /* debug.xcconfig */;
			buildSettings = {
			};
			name = Debug;
		};
		D9365FBCFFEE9FCFC79EC4C7 /* Release */ = {
			isa = XCBuildConfiguration;
			baseConfigurationReference = 1B5B300221BA9E7200FFBE5D /* framework.xcconfig */;
			buildSettings = {
				APPLICATION_EXTENSION_API_ONLY = YES;
				DYLIB_COMPATIBILITY_VERSION = 1;
				DYLIB_INSTALL_NAME_BASE = "@rpath";
				INFOPLIST_FILE = "Source/Supporting Files/Info.plist";
				PRODUCT_BUNDLE_IDENTIFIER = com.xenonium.Charts;
				PRODUCT_NAME = "$(TARGET_NAME)";
				SKIP_INSTALL = YES;
				SUPPORTED_PLATFORMS = "macosx iphoneos iphonesimulator appletvos appletvsimulator";
			};
			name = Release;
		};
		FA978B0A385680C0086D4D49 /* Release */ = {
			isa = XCBuildConfiguration;
			baseConfigurationReference = 1B5B300321BA9E7200FFBE5D /* bundle.xcconfig */;
			buildSettings = {
				APPLICATION_EXTENSION_API_ONLY = NO;
				DEBUG_INFORMATION_FORMAT = "dwarf-with-dsym";
				ENABLE_STRICT_OBJC_MSGSEND = YES;
				"FRAMEWORK_SEARCH_PATHS[sdk=appletv*]" = (
					"$(SRCROOT)/Carthage/Build/tvOS/",
					"$(inherited)",
				);
				"FRAMEWORK_SEARCH_PATHS[sdk=iphone*]" = (
					"$(SRCROOT)/Carthage/Build/iOS/",
					"$(inherited)",
				);
				GCC_NO_COMMON_BLOCKS = YES;
				INFOPLIST_FILE = "Tests/Supporting Files/Info.plist";
				IPHONEOS_DEPLOYMENT_TARGET = 8.0;
				LD_RUNPATH_SEARCH_PATHS = "$(inherited) @executable_path/Frameworks @loader_path/Frameworks";
				"LD_RUNPATH_SEARCH_PATHS[sdk=macosx*]" = "$(inherited) @executable_path/../Frameworks @loader_path/../Frameworks";
				MTL_ENABLE_DEBUG_INFO = NO;
				PRODUCT_BUNDLE_IDENTIFIER = com.dcg.ChartsTests;
				PRODUCT_NAME = "$(TARGET_NAME)";
				SDKROOT = macosx;
				SUPPORTED_PLATFORMS = "iphoneos iphonesimulator appletvos appletvsimulator";
				SWIFT_OPTIMIZATION_LEVEL = "-Owholemodule";
				SWIFT_VERSION = 4.0;
				TVOS_DEPLOYMENT_TARGET = 9.0;
			};
			name = Release;
		};
/* End XCBuildConfiguration section */

/* Begin XCConfigurationList section */
		493FF4FB1D40FC7C51DDDA6B /* Build configuration list for PBXProject "Charts" */ = {
			isa = XCConfigurationList;
			buildConfigurations = (
				C5C79E736CA16C93F421E934 /* Debug */,
				A17F60813C38081A2F1803D4 /* Release */,
			);
			defaultConfigurationIsVisible = 0;
			defaultConfigurationName = Release;
		};
		E61E9728E2BF9CC4048B13D5 /* Build configuration list for PBXNativeTarget "ChartsTests" */ = {
			isa = XCConfigurationList;
			buildConfigurations = (
				FA978B0A385680C0086D4D49 /* Release */,
				4DD0BFDA94D4BC68192A1895 /* Debug */,
			);
			defaultConfigurationIsVisible = 0;
			defaultConfigurationName = Release;
		};
		F1D4AA9E26EA32041FC0E3B6 /* Build configuration list for PBXNativeTarget "Charts" */ = {
			isa = XCConfigurationList;
			buildConfigurations = (
				D9365FBCFFEE9FCFC79EC4C7 /* Release */,
				0EF2164C35AB4D391B503317 /* Debug */,
			);
			defaultConfigurationIsVisible = 0;
			defaultConfigurationName = Release;
		};
/* End XCConfigurationList section */
	};
	rootObject = 193FC8DF32D250560C5F5D77 /* Project object */;
}
