// !$*UTF8*$!
{
	archiveVersion = 1;
	classes = {
	};
	objectVersion = 46;
	objects = {

/* Begin PBXBuildFile section */
		068A9B191FBBF351003CF1AD /* Images.xcassets in Resources */ = {isa = PBXBuildFile; fileRef = 5B8EAF2F1AB32E15009697AA /* Images.xcassets */; };
		068A9B1A1FBBF355003CF1AD /* Launch Screen.storyboard in Resources */ = {isa = PBXBuildFile; fileRef = B64D06EA1FB199130067418D /* Launch Screen.storyboard */; };
		1B1ACD0721C15D300041892C /* DemoListViewController.xib in Resources */ = {isa = PBXBuildFile; fileRef = 1B1ACD0521C15D300041892C /* DemoListViewController.xib */; };
		225B36201F6EB9A50005B3D5 /* AppDelegate.swift in Sources */ = {isa = PBXBuildFile; fileRef = 225B361F1F6EB9A50005B3D5 /* AppDelegate.swift */; };
		225B36311F6EB9EE0005B3D5 /* DemoBaseViewController.swift in Sources */ = {isa = PBXBuildFile; fileRef = 225B362F1F6EB9EE0005B3D5 /* DemoBaseViewController.swift */; };
		225B36321F6EB9EE0005B3D5 /* DemoListViewController.swift in Sources */ = {isa = PBXBuildFile; fileRef = 225B36301F6EB9EE0005B3D5 /* DemoListViewController.swift */; };
		225B365D1F6EBA470005B3D5 /* HalfPieChartViewController.swift in Sources */ = {isa = PBXBuildFile; fileRef = 225B36461F6EBA410005B3D5 /* HalfPieChartViewController.swift */; };
		225B36691F6EBA470005B3D5 /* PieChartViewController.swift in Sources */ = {isa = PBXBuildFile; fileRef = 225B36521F6EBA410005B3D5 /* PieChartViewController.swift */; };
		225B366D1F6EBA470005B3D5 /* PiePolylineChartViewController.swift in Sources */ = {isa = PBXBuildFile; fileRef = 225B36561F6EBA410005B3D5 /* PiePolylineChartViewController.swift */; };
		225B367B1F6EBA640005B3D5 /* HalfPieChartViewController.xib in Resources */ = {isa = PBXBuildFile; fileRef = 5BE6737F1D5B496500A87BA2 /* HalfPieChartViewController.xib */; };
		225B36841F6EBA640005B3D5 /* PieChartViewController.xib in Resources */ = {isa = PBXBuildFile; fileRef = 5B0CC7841ABB875400665592 /* PieChartViewController.xib */; };
		225B36851F6EBA640005B3D5 /* PiePolylineChartViewController.xib in Resources */ = {isa = PBXBuildFile; fileRef = 0471CBFB1CA1090A00E52DBC /* PiePolylineChartViewController.xib */; };
		225B368C1F6EBBB00005B3D5 /* Charts.framework in Frameworks */ = {isa = PBXBuildFile; fileRef = 0630AE411D8126C0008859B0 /* Charts.framework */; };
		225B368D1F6EBBB00005B3D5 /* Charts.framework in Embed Frameworks */ = {isa = PBXBuildFile; fileRef = 0630AE411D8126C0008859B0 /* Charts.framework */; settings = {ATTRIBUTES = (CodeSignOnCopy, RemoveHeadersOnCopy, ); }; };
/* End PBXBuildFile section */

/* Begin PBXContainerItemProxy section */
		0630AE401D8126C0008859B0 /* PBXContainerItemProxy */ = {
			isa = PBXContainerItemProxy;
			containerPortal = 0630AE391D8126C0008859B0 /* Charts.xcodeproj */;
			proxyType = 2;
			remoteGlobalIDString = 06165F241D8110E600722320;
			remoteInfo = Charts;
		};
		0630AE421D8126C0008859B0 /* PBXContainerItemProxy */ = {
			isa = PBXContainerItemProxy;
			containerPortal = 0630AE391D8126C0008859B0 /* Charts.xcodeproj */;
			proxyType = 2;
			remoteGlobalIDString = 06165F2E1D8110E600722320;
			remoteInfo = ChartsTests;
		};
		225B368E1F6EBBB00005B3D5 /* PBXContainerItemProxy */ = {
			isa = PBXContainerItemProxy;
			containerPortal = 0630AE391D8126C0008859B0 /* Charts.xcodeproj */;
			proxyType = 1;
			remoteGlobalIDString = A58A4ED274A941CA248EA921;
			remoteInfo = Charts;
		};
/* End PBXContainerItemProxy section */

/* Begin PBXCopyFilesBuildPhase section */
		225B36901F6EBBB10005B3D5 /* Embed Frameworks */ = {
			isa = PBXCopyFilesBuildPhase;
			buildActionMask = 2147483647;
			dstPath = "";
			dstSubfolderSpec = 10;
			files = (
				225B368D1F6EBBB00005B3D5 /* Charts.framework in Embed Frameworks */,
			);
			name = "Embed Frameworks";
			runOnlyForDeploymentPostprocessing = 0;
		};
/* End PBXCopyFilesBuildPhase section */

/* Begin PBXFileReference section */
		0471CBFB1CA1090A00E52DBC /* PiePolylineChartViewController.xib */ = {isa = PBXFileReference; fileEncoding = 4; lastKnownFileType = file.xib; path = PiePolylineChartViewController.xib; sourceTree = "<group>"; };
		0630AE391D8126C0008859B0 /* Charts.xcodeproj */ = {isa = PBXFileReference; lastKnownFileType = "wrapper.pb-project"; name = Charts.xcodeproj; path = ../Charts.xcodeproj; sourceTree = "<group>"; };
		1B1ACD0521C15D300041892C /* DemoListViewController.xib */ = {isa = PBXFileReference; fileEncoding = 4; lastKnownFileType = file.xib; path = DemoListViewController.xib; sourceTree = "<group>"; };
		225B361D1F6EB9A50005B3D5 /* ChartsDemo-iOS.app */ = {isa = PBXFileReference; explicitFileType = wrapper.application; includeInIndex = 0; path = "ChartsDemo-iOS.app"; sourceTree = BUILT_PRODUCTS_DIR; };
		225B361F1F6EB9A50005B3D5 /* AppDelegate.swift */ = {isa = PBXFileReference; lastKnownFileType = sourcecode.swift; path = AppDelegate.swift; sourceTree = "<group>"; };
		225B362F1F6EB9EE0005B3D5 /* DemoBaseViewController.swift */ = {isa = PBXFileReference; lastKnownFileType = sourcecode.swift; path = DemoBaseViewController.swift; sourceTree = "<group>"; };
		225B36301F6EB9EE0005B3D5 /* DemoListViewController.swift */ = {isa = PBXFileReference; lastKnownFileType = sourcecode.swift; path = DemoListViewController.swift; sourceTree = "<group>"; };
		225B36461F6EBA410005B3D5 /* HalfPieChartViewController.swift */ = {isa = PBXFileReference; lastKnownFileType = sourcecode.swift; path = HalfPieChartViewController.swift; sourceTree = "<group>"; };
		225B36521F6EBA410005B3D5 /* PieChartViewController.swift */ = {isa = PBXFileReference; lastKnownFileType = sourcecode.swift; path = PieChartViewController.swift; sourceTree = "<group>"; };
		225B36561F6EBA410005B3D5 /* PiePolylineChartViewController.swift */ = {isa = PBXFileReference; lastKnownFileType = sourcecode.swift; path = PiePolylineChartViewController.swift; sourceTree = "<group>"; };
		5B0CC7841ABB875400665592 /* PieChartViewController.xib */ = {isa = PBXFileReference; fileEncoding = 4; lastKnownFileType = file.xib; path = PieChartViewController.xib; sourceTree = "<group>"; };
		5B57BBB31A9B26AA0036A6CC /* Info.plist */ = {isa = PBXFileReference; lastKnownFileType = text.plist.xml; path = Info.plist; sourceTree = "<group>"; };
		5B57BBB41A9B26AA0036A6CC /* main.m */ = {isa = PBXFileReference; lastKnownFileType = sourcecode.c.objc; path = main.m; sourceTree = "<group>"; };
		5B8EAF2F1AB32E15009697AA /* Images.xcassets */ = {isa = PBXFileReference; lastKnownFileType = folder.assetcatalog; path = Images.xcassets; sourceTree = "<group>"; };
		5BD47E5C1ABB0273008FCEC6 /* ChartsDemo-Bridging-Header.h */ = {isa = PBXFileReference; lastKnownFileType = sourcecode.c.h; path = "ChartsDemo-Bridging-Header.h"; sourceTree = "<group>"; };
		5BE6737F1D5B496500A87BA2 /* HalfPieChartViewController.xib */ = {isa = PBXFileReference; fileEncoding = 4; lastKnownFileType = file.xib; path = HalfPieChartViewController.xib; sourceTree = "<group>"; };
		B64D06EA1FB199130067418D /* Launch Screen.storyboard */ = {isa = PBXFileReference; lastKnownFileType = file.storyboard; path = "Launch Screen.storyboard"; sourceTree = "<group>"; };
/* End PBXFileReference section */

/* Begin PBXFrameworksBuildPhase section */
		225B361A1F6EB9A50005B3D5 /* Frameworks */ = {
			isa = PBXFrameworksBuildPhase;
			buildActionMask = 2147483647;
			files = (
				225B368C1F6EBBB00005B3D5 /* Charts.framework in Frameworks */,
			);
			runOnlyForDeploymentPostprocessing = 0;
		};
/* End PBXFrameworksBuildPhase section */

/* Begin PBXGroup section */
		0630AE3A1D8126C0008859B0 /* Products */ = {
			isa = PBXGroup;
			children = (
				0630AE411D8126C0008859B0 /* Charts.framework */,
				0630AE431D8126C0008859B0 /* ChartsTests.xctest */,
			);
			name = Products;
			sourceTree = "<group>";
		};
		225B361E1F6EB9A50005B3D5 /* Swift */ = {
			isa = PBXGroup;
			children = (
				225B361F1F6EB9A50005B3D5 /* AppDelegate.swift */,
				225B362F1F6EB9EE0005B3D5 /* DemoBaseViewController.swift */,
				225B36301F6EB9EE0005B3D5 /* DemoListViewController.swift */,
				225B36431F6EBA410005B3D5 /* Demos */,
			);
			path = Swift;
			sourceTree = "<group>";
		};
		225B36431F6EBA410005B3D5 /* Demos */ = {
			isa = PBXGroup;
			children = (
				225B36461F6EBA410005B3D5 /* HalfPieChartViewController.swift */,
				225B36521F6EBA410005B3D5 /* PieChartViewController.swift */,
				225B36561F6EBA410005B3D5 /* PiePolylineChartViewController.swift */,
			);
			path = Demos;
			sourceTree = "<group>";
		};
		227136F41F6EB665006D2A11 /* XIBs */ = {
			isa = PBXGroup;
			children = (
				1B1ACD0521C15D300041892C /* DemoListViewController.xib */,
				227136F61F6EB69D006D2A11 /* Demos */,
			);
			path = XIBs;
			sourceTree = "<group>";
		};
		227136F61F6EB69D006D2A11 /* Demos */ = {
			isa = PBXGroup;
			children = (
				5BE6737F1D5B496500A87BA2 /* HalfPieChartViewController.xib */,
				5B0CC7841ABB875400665592 /* PieChartViewController.xib */,
				0471CBFB1CA1090A00E52DBC /* PiePolylineChartViewController.xib */,
			);
			path = Demos;
			sourceTree = "<group>";
		};
		5B57BBA61A9B26AA0036A6CC = {
			isa = PBXGroup;
			children = (
				225B361E1F6EB9A50005B3D5 /* Swift */,
				227136F41F6EB665006D2A11 /* XIBs */,
				5B8EAF2E1AB32E15009697AA /* Resources */,
				5B57BBB21A9B26AA0036A6CC /* Supporting Files */,
				5B57BBB01A9B26AA0036A6CC /* Products */,
				0630AE391D8126C0008859B0 /* Charts.xcodeproj */,
			);
			sourceTree = "<group>";
		};
		5B57BBB01A9B26AA0036A6CC /* Products */ = {
			isa = PBXGroup;
			children = (
				225B361D1F6EB9A50005B3D5 /* ChartsDemo-iOS.app */,
			);
			name = Products;
			sourceTree = "<group>";
		};
		5B57BBB21A9B26AA0036A6CC /* Supporting Files */ = {
			isa = PBXGroup;
			children = (
				5B57BBB31A9B26AA0036A6CC /* Info.plist */,
				5B57BBB41A9B26AA0036A6CC /* main.m */,
				5BD47E5C1ABB0273008FCEC6 /* ChartsDemo-Bridging-Header.h */,
			);
			path = "Supporting Files";
			sourceTree = "<group>";
		};
		5B8EAF2E1AB32E15009697AA /* Resources */ = {
			isa = PBXGroup;
			children = (
				B64D06EA1FB199130067418D /* Launch Screen.storyboard */,
				5B8EAF2F1AB32E15009697AA /* Images.xcassets */,
			);
			path = Resources;
			sourceTree = "<group>";
		};
/* End PBXGroup section */

/* Begin PBXNativeTarget section */
		225B361C1F6EB9A50005B3D5 /* ChartsDemo-iOS */ = {
			isa = PBXNativeTarget;
			buildConfigurationList = 225B362C1F6EB9A50005B3D5 /* Build configuration list for PBXNativeTarget "ChartsDemo-iOS" */;
			buildPhases = (
				225B36191F6EB9A50005B3D5 /* Sources */,
				225B361A1F6EB9A50005B3D5 /* Frameworks */,
				225B361B1F6EB9A50005B3D5 /* Resources */,
				225B36901F6EBBB10005B3D5 /* Embed Frameworks */,
			);
			buildRules = (
			);
			dependencies = (
				225B368F1F6EBBB00005B3D5 /* PBXTargetDependency */,
			);
			name = "ChartsDemo-iOS";
			productName = "ChartsDemo-Swift";
			productReference = 225B361D1F6EB9A50005B3D5 /* ChartsDemo-iOS.app */;
			productType = "com.apple.product-type.application";
		};
/* End PBXNativeTarget section */

/* Begin PBXProject section */
		5B57BBA71A9B26AA0036A6CC /* Project object */ = {
			isa = PBXProject;
			attributes = {
				LastSwiftMigration = 0700;
				LastSwiftUpdateCheck = 0700;
				LastUpgradeCheck = 0930;
				ORGANIZATIONNAME = dcg;
				TargetAttributes = {
					225B361C1F6EB9A50005B3D5 = {
						CreatedOnToolsVersion = 9.0;
						LastSwiftMigration = 1000;
					};
				};
			};
			buildConfigurationList = 5B57BBAA1A9B26AA0036A6CC /* Build configuration list for PBXProject "ChartsDemo-iOS" */;
			compatibilityVersion = "Xcode 3.2";
			developmentRegion = English;
			hasScannedForEncodings = 0;
			knownRegions = (
				en,
				Base,
			);
			mainGroup = 5B57BBA61A9B26AA0036A6CC;
			productRefGroup = 5B57BBB01A9B26AA0036A6CC /* Products */;
			projectDirPath = "";
			projectReferences = (
				{
					ProductGroup = 0630AE3A1D8126C0008859B0 /* Products */;
					ProjectRef = 0630AE391D8126C0008859B0 /* Charts.xcodeproj */;
				},
			);
			projectRoot = "";
			targets = (
				225B361C1F6EB9A50005B3D5 /* ChartsDemo-iOS */,
			);
		};
/* End PBXProject section */

/* Begin PBXReferenceProxy section */
		0630AE411D8126C0008859B0 /* Charts.framework */ = {
			isa = PBXReferenceProxy;
			fileType = wrapper.framework;
			path = Charts.framework;
			remoteRef = 0630AE401D8126C0008859B0 /* PBXContainerItemProxy */;
			sourceTree = BUILT_PRODUCTS_DIR;
		};
		0630AE431D8126C0008859B0 /* ChartsTests.xctest */ = {
			isa = PBXReferenceProxy;
			fileType = wrapper.cfbundle;
			path = ChartsTests.xctest;
			remoteRef = 0630AE421D8126C0008859B0 /* PBXContainerItemProxy */;
			sourceTree = BUILT_PRODUCTS_DIR;
		};
/* End PBXReferenceProxy section */

/* Begin PBXResourcesBuildPhase section */
		225B361B1F6EB9A50005B3D5 /* Resources */ = {
			isa = PBXResourcesBuildPhase;
			buildActionMask = 2147483647;
			files = (
				225B36841F6EBA640005B3D5 /* PieChartViewController.xib in Resources */,
				225B367B1F6EBA640005B3D5 /* HalfPieChartViewController.xib in Resources */,
				068A9B1A1FBBF355003CF1AD /* Launch Screen.storyboard in Resources */,
				068A9B191FBBF351003CF1AD /* Images.xcassets in Resources */,
				1B1ACD0721C15D300041892C /* DemoListViewController.xib in Resources */,
				225B36851F6EBA640005B3D5 /* PiePolylineChartViewController.xib in Resources */,
			);
			runOnlyForDeploymentPostprocessing = 0;
		};
/* End PBXResourcesBuildPhase section */

/* Begin PBXSourcesBuildPhase section */
		225B36191F6EB9A50005B3D5 /* Sources */ = {
			isa = PBXSourcesBuildPhase;
			buildActionMask = 2147483647;
			files = (
				225B36311F6EB9EE0005B3D5 /* DemoBaseViewController.swift in Sources */,
				225B366D1F6EBA470005B3D5 /* PiePolylineChartViewController.swift in Sources */,
				225B36691F6EBA470005B3D5 /* PieChartViewController.swift in Sources */,
				225B36201F6EB9A50005B3D5 /* AppDelegate.swift in Sources */,
				225B36321F6EB9EE0005B3D5 /* DemoListViewController.swift in Sources */,
				225B365D1F6EBA470005B3D5 /* HalfPieChartViewController.swift in Sources */,
			);
			runOnlyForDeploymentPostprocessing = 0;
		};
/* End PBXSourcesBuildPhase section */

/* Begin PBXTargetDependency section */
		225B368F1F6EBBB00005B3D5 /* PBXTargetDependency */ = {
			isa = PBXTargetDependency;
			name = Charts;
			targetProxy = 225B368E1F6EBBB00005B3D5 /* PBXContainerItemProxy */;
		};
/* End PBXTargetDependency section */

/* Begin XCBuildConfiguration section */
		225B362D1F6EB9A50005B3D5 /* Debug */ = {
			isa = XCBuildConfiguration;
			buildSettings = {
				ALWAYS_EMBED_SWIFT_STANDARD_LIBRARIES = YES;
				ASSETCATALOG_COMPILER_APPICON_NAME = AppIcon;
				CLANG_ANALYZER_NONNULL = YES;
				CLANG_ANALYZER_NUMBER_OBJECT_CONVERSION = YES_AGGRESSIVE;
				CLANG_CXX_LANGUAGE_STANDARD = "gnu++14";
				CLANG_WARN_BLOCK_CAPTURE_AUTORELEASING = YES;
				CLANG_WARN_COMMA = YES;
				CLANG_WARN_DOCUMENTATION_COMMENTS = YES;
				CLANG_WARN_NON_LITERAL_NULL_CONVERSION = YES;
				CLANG_WARN_OBJC_LITERAL_CONVERSION = YES;
				CLANG_WARN_RANGE_LOOP_ANALYSIS = YES;
				CLANG_WARN_STRICT_PROTOTYPES = YES;
				CLANG_WARN_UNGUARDED_AVAILABILITY = YES_AGGRESSIVE;
				DEBUG_INFORMATION_FORMAT = dwarf;
				GCC_C_LANGUAGE_STANDARD = gnu11;
				INFOPLIST_FILE = "$(SRCROOT)/Supporting Files/Info.plist";
				LD_RUNPATH_SEARCH_PATHS = "$(inherited) @executable_path/Frameworks";
				PRODUCT_BUNDLE_IDENTIFIER = com.dcg.ChartsDemo;
				PRODUCT_NAME = "$(TARGET_NAME)";
				SWIFT_ACTIVE_COMPILATION_CONDITIONS = DEBUG;
				SWIFT_OPTIMIZATION_LEVEL = "-Onone";
				SWIFT_VERSION = 4.2;
				TARGETED_DEVICE_FAMILY = 1;
			};
			name = Debug;
		};
		225B362E1F6EB9A50005B3D5 /* Release */ = {
			isa = XCBuildConfiguration;
			buildSettings = {
				ALWAYS_EMBED_SWIFT_STANDARD_LIBRARIES = YES;
				ASSETCATALOG_COMPILER_APPICON_NAME = AppIcon;
				CLANG_ANALYZER_NONNULL = YES;
				CLANG_ANALYZER_NUMBER_OBJECT_CONVERSION = YES_AGGRESSIVE;
				CLANG_CXX_LANGUAGE_STANDARD = "gnu++14";
				CLANG_WARN_BLOCK_CAPTURE_AUTORELEASING = YES;
				CLANG_WARN_COMMA = YES;
				CLANG_WARN_DOCUMENTATION_COMMENTS = YES;
				CLANG_WARN_NON_LITERAL_NULL_CONVERSION = YES;
				CLANG_WARN_OBJC_LITERAL_CONVERSION = YES;
				CLANG_WARN_RANGE_LOOP_ANALYSIS = YES;
				CLANG_WARN_STRICT_PROTOTYPES = YES;
				CLANG_WARN_UNGUARDED_AVAILABILITY = YES_AGGRESSIVE;
				COPY_PHASE_STRIP = NO;
				DEBUG_INFORMATION_FORMAT = "dwarf-with-dsym";
				GCC_C_LANGUAGE_STANDARD = gnu11;
				INFOPLIST_FILE = "$(SRCROOT)/Supporting Files/Info.plist";
				LD_RUNPATH_SEARCH_PATHS = "$(inherited) @executable_path/Frameworks";
				PRODUCT_BUNDLE_IDENTIFIER = com.dcg.ChartsDemo;
				PRODUCT_NAME = "$(TARGET_NAME)";
				SWIFT_VERSION = 4.2;
				TARGETED_DEVICE_FAMILY = 1;
			};
			name = Release;
		};
		5B57BBD01A9B26AA0036A6CC /* Debug */ = {
			isa = XCBuildConfiguration;
			buildSettings = {
				ALWAYS_SEARCH_USER_PATHS = NO;
				CLANG_CXX_LANGUAGE_STANDARD = "gnu++0x";
				CLANG_CXX_LIBRARY = "libc++";
				CLANG_ENABLE_MODULES = YES;
				CLANG_ENABLE_OBJC_ARC = YES;
				CLANG_WARN_BLOCK_CAPTURE_AUTORELEASING = YES;
				CLANG_WARN_BOOL_CONVERSION = YES;
				CLANG_WARN_COMMA = YES;
				CLANG_WARN_CONSTANT_CONVERSION = YES;
				CLANG_WARN_DEPRECATED_OBJC_IMPLEMENTATIONS = YES;
				CLANG_WARN_DIRECT_OBJC_ISA_USAGE = YES_ERROR;
				CLANG_WARN_EMPTY_BODY = YES;
				CLANG_WARN_ENUM_CONVERSION = YES;
				CLANG_WARN_INFINITE_RECURSION = YES;
				CLANG_WARN_INT_CONVERSION = YES;
				CLANG_WARN_NON_LITERAL_NULL_CONVERSION = YES;
				CLANG_WARN_OBJC_IMPLICIT_RETAIN_SELF = YES;
				CLANG_WARN_OBJC_LITERAL_CONVERSION = YES;
				CLANG_WARN_OBJC_ROOT_CLASS = YES_ERROR;
				CLANG_WARN_RANGE_LOOP_ANALYSIS = YES;
				CLANG_WARN_STRICT_PROTOTYPES = YES;
				CLANG_WARN_SUSPICIOUS_MOVE = YES;
				CLANG_WARN_UNREACHABLE_CODE = YES;
				CLANG_WARN__DUPLICATE_METHOD_MATCH = YES;
				COPY_PHASE_STRIP = NO;
				ENABLE_STRICT_OBJC_MSGSEND = YES;
				ENABLE_TESTABILITY = YES;
				GCC_C_LANGUAGE_STANDARD = gnu99;
				GCC_DYNAMIC_NO_PIC = NO;
				GCC_NO_COMMON_BLOCKS = YES;
				GCC_OPTIMIZATION_LEVEL = 0;
				GCC_PREPROCESSOR_DEFINITIONS = (
					"DEBUG=1",
					"$(inherited)",
				);
				GCC_SYMBOLS_PRIVATE_EXTERN = NO;
				GCC_WARN_64_TO_32_BIT_CONVERSION = YES;
				GCC_WARN_ABOUT_RETURN_TYPE = YES_ERROR;
				GCC_WARN_UNDECLARED_SELECTOR = YES;
				GCC_WARN_UNINITIALIZED_AUTOS = YES_AGGRESSIVE;
				GCC_WARN_UNUSED_FUNCTION = YES;
				GCC_WARN_UNUSED_VARIABLE = YES;
				IPHONEOS_DEPLOYMENT_TARGET = 12.1;
				MTL_ENABLE_DEBUG_INFO = YES;
				ONLY_ACTIVE_ARCH = YES;
				SDKROOT = iphoneos;
				SWIFT_VERSION = 4.0;
			};
			name = Debug;
		};
		5B57BBD11A9B26AA0036A6CC /* Release */ = {
			isa = XCBuildConfiguration;
			buildSettings = {
				ALWAYS_SEARCH_USER_PATHS = NO;
				CLANG_CXX_LANGUAGE_STANDARD = "gnu++0x";
				CLANG_CXX_LIBRARY = "libc++";
				CLANG_ENABLE_MODULES = YES;
				CLANG_ENABLE_OBJC_ARC = YES;
				CLANG_WARN_BLOCK_CAPTURE_AUTORELEASING = YES;
				CLANG_WARN_BOOL_CONVERSION = YES;
				CLANG_WARN_COMMA = YES;
				CLANG_WARN_CONSTANT_CONVERSION = YES;
				CLANG_WARN_DEPRECATED_OBJC_IMPLEMENTATIONS = YES;
				CLANG_WARN_DIRECT_OBJC_ISA_USAGE = YES_ERROR;
				CLANG_WARN_EMPTY_BODY = YES;
				CLANG_WARN_ENUM_CONVERSION = YES;
				CLANG_WARN_INFINITE_RECURSION = YES;
				CLANG_WARN_INT_CONVERSION = YES;
				CLANG_WARN_NON_LITERAL_NULL_CONVERSION = YES;
				CLANG_WARN_OBJC_IMPLICIT_RETAIN_SELF = YES;
				CLANG_WARN_OBJC_LITERAL_CONVERSION = YES;
				CLANG_WARN_OBJC_ROOT_CLASS = YES_ERROR;
				CLANG_WARN_RANGE_LOOP_ANALYSIS = YES;
				CLANG_WARN_STRICT_PROTOTYPES = YES;
				CLANG_WARN_SUSPICIOUS_MOVE = YES;
				CLANG_WARN_UNREACHABLE_CODE = YES;
				CLANG_WARN__DUPLICATE_METHOD_MATCH = YES;
				COPY_PHASE_STRIP = YES;
				ENABLE_NS_ASSERTIONS = NO;
				ENABLE_STRICT_OBJC_MSGSEND = YES;
				GCC_C_LANGUAGE_STANDARD = gnu99;
				GCC_NO_COMMON_BLOCKS = YES;
				GCC_WARN_64_TO_32_BIT_CONVERSION = YES;
				GCC_WARN_ABOUT_RETURN_TYPE = YES_ERROR;
				GCC_WARN_UNDECLARED_SELECTOR = YES;
				GCC_WARN_UNINITIALIZED_AUTOS = YES_AGGRESSIVE;
				GCC_WARN_UNUSED_FUNCTION = YES;
				GCC_WARN_UNUSED_VARIABLE = YES;
				IPHONEOS_DEPLOYMENT_TARGET = 12.1;
				MTL_ENABLE_DEBUG_INFO = NO;
				SDKROOT = iphoneos;
				SWIFT_OPTIMIZATION_LEVEL = "-Owholemodule";
				SWIFT_VERSION = 4.0;
				VALIDATE_PRODUCT = YES;
			};
			name = Release;
		};
/* End XCBuildConfiguration section */

/* Begin XCConfigurationList section */
		225B362C1F6EB9A50005B3D5 /* Build configuration list for PBXNativeTarget "ChartsDemo-iOS" */ = {
			isa = XCConfigurationList;
			buildConfigurations = (
				225B362D1F6EB9A50005B3D5 /* Debug */,
				225B362E1F6EB9A50005B3D5 /* Release */,
			);
			defaultConfigurationIsVisible = 0;
			defaultConfigurationName = Release;
		};
		5B57BBAA1A9B26AA0036A6CC /* Build configuration list for PBXProject "ChartsDemo-iOS" */ = {
			isa = XCConfigurationList;
			buildConfigurations = (
				5B57BBD01A9B26AA0036A6CC /* Debug */,
				5B57BBD11A9B26AA0036A6CC /* Release */,
			);
			defaultConfigurationIsVisible = 0;
			defaultConfigurationName = Release;
		};
/* End XCConfigurationList section */
	};
	rootObject = 5B57BBA71A9B26AA0036A6CC /* Project object */;
}
